
Microsoft Visual Studio Solution File, Format Version 12.00
# Visual Studio 15
VisualStudioVersion = 15.0.27004.2005
MinimumVisualStudioVersion = 10.0.40219.1
Project("{FAE04EC0-301F-11D3-BF4B-00C04F79EFBC}") = "DazPaz.UnitOfWork", "src\DazPaz.UnitOfWork\DazPaz.UnitOfWork.csproj", "{FFB5AC9E-CEEB-43BD-AF41-3368EE49DAD9}"
EndProject
Project("{FAE04EC0-301F-11D3-BF4B-00C04F79EFBC}") = "DazPaz.UnitOfWork.Tests", "test\DazPaz.UnitOfWork.Tests\DazPaz.UnitOfWork.Tests.csproj", "{5501D2AC-AAA9-4A17-AEC2-1F45CDF450F6}"
EndProject
Project("{FAE04EC0-301F-11D3-BF4B-00C04F79EFBC}") = "DazPaz.UnitOfWork.Example", "example\DazPaz.UnitOfWork.Example\DazPaz.UnitOfWork.Example.csproj", "{18FEA099-C9DB-44DF-B46D-E49FC72961F6}"
EndProject
Global
	GlobalSection(SolutionConfigurationPlatforms) = preSolution
		Debug|Any CPU = Debug|Any CPU
		Release|Any CPU = Release|Any CPU
	EndGlobalSection
	GlobalSection(ProjectConfigurationPlatforms) = postSolution
		{FFB5AC9E-CEEB-43BD-AF41-3368EE49DAD9}.Debug|Any CPU.ActiveCfg = Debug|Any CPU
		{FFB5AC9E-CEEB-43BD-AF41-3368EE49DAD9}.Debug|Any CPU.Build.0 = Debug|Any CPU
		{FFB5AC9E-CEEB-43BD-AF41-3368EE49DAD9}.Release|Any CPU.ActiveCfg = Release|Any CPU
		{FFB5AC9E-CEEB-43BD-AF41-3368EE49DAD9}.Release|Any CPU.Build.0 = Release|Any CPU
		{5501D2AC-AAA9-4A17-AEC2-1F45CDF450F6}.Debug|Any CPU.ActiveCfg = Debug|Any CPU
		{5501D2AC-AAA9-4A17-AEC2-1F45CDF450F6}.Debug|Any CPU.Build.0 = Debug|Any CPU
		{5501D2AC-AAA9-4A17-AEC2-1F45CDF450F6}.Release|Any CPU.ActiveCfg = Release|Any CPU
		{5501D2AC-AAA9-4A17-AEC2-1F45CDF450F6}.Release|Any CPU.Build.0 = Release|Any CPU
		{18FEA099-C9DB-44DF-B46D-E49FC72961F6}.Debug|Any CPU.ActiveCfg = Debug|Any CPU
		{18FEA099-C9DB-44DF-B46D-E49FC72961F6}.Debug|Any CPU.Build.0 = Debug|Any CPU
		{18FEA099-C9DB-44DF-B46D-E49FC72961F6}.Release|Any CPU.ActiveCfg = Release|Any CPU
		{18FEA099-C9DB-44DF-B46D-E49FC72961F6}.Release|Any CPU.Build.0 = Release|Any CPU
	EndGlobalSection
	GlobalSection(SolutionProperties) = preSolution
		HideSolutionNode = FALSE
	EndGlobalSection
	GlobalSection(ExtensibilityGlobals) = postSolution
		SolutionGuid = {769BBCB8-6F21-4C37-A784-F41C105F4157}
	EndGlobalSection
EndGlobal
